
Microsoft Visual Studio Solution File, Format Version 12.00
# Visual Studio 15
VisualStudioVersion = 15.0.28307.852
MinimumVisualStudioVersion = 10.0.40219.1
Project("{FAE04EC0-301F-11D3-BF4B-00C04F79EFBC}") = "adVance", "OLDTVMiscPlugin\adVance.csproj", "{33477E1F-8860-44EE-8922-8A3097BDDC00}"
EndProject
Global
	GlobalSection(SolutionConfigurationPlatforms) = preSolution
		Debug|Any CPU = Debug|Any CPU
		Release|Any CPU = Release|Any CPU
	EndGlobalSection
	GlobalSection(ProjectConfigurationPlatforms) = postSolution
		{33477E1F-8860-44EE-8922-8A3097BDDC00}.Debug|Any CPU.ActiveCfg = Debug|Any CPU
		{33477E1F-8860-44EE-8922-8A3097BDDC00}.Debug|Any CPU.Build.0 = Debug|Any CPU
		{33477E1F-8860-44EE-8922-8A3097BDDC00}.Release|Any CPU.ActiveCfg = Release|Any CPU
		{33477E1F-8860-44EE-8922-8A3097BDDC00}.Release|Any CPU.Build.0 = Release|Any CPU
	EndGlobalSection
	GlobalSection(SolutionProperties) = preSolution
		HideSolutionNode = FALSE
	EndGlobalSection
	GlobalSection(ExtensibilityGlobals) = postSolution
		SolutionGuid = {CD5BC119-5B04-481E-9BBF-BBE58DABEEDF}
	EndGlobalSection
EndGlobal
